// !$*UTF8*$!
{
	archiveVersion = 1;
	classes = {
	};
	objectVersion = 51;
	objects = {

/* Begin PBXBuildFile section */
		510C903F2715AC1E00298011 /* Message.swift in Sources */ = {isa = PBXBuildFile; fileRef = 510C903E2715AC1E00298011 /* Message.swift */; };
		510E01C72709C15100BA794C /* ModalViewController.swift in Sources */ = {isa = PBXBuildFile; fileRef = 510E01C62709C15100BA794C /* ModalViewController.swift */; };
		5114ED35272EAC0600B4E12C /* InfoManager.swift in Sources */ = {isa = PBXBuildFile; fileRef = 5114ED34272EAC0600B4E12C /* InfoManager.swift */; };
		51298938270D860000078B33 /* LoginViewController.swift in Sources */ = {isa = PBXBuildFile; fileRef = 51298937270D860000078B33 /* LoginViewController.swift */; };
		5129893A270D88D100078B33 /* ChatViewController.swift in Sources */ = {isa = PBXBuildFile; fileRef = 51298939270D88D100078B33 /* ChatViewController.swift */; };
		5129893C270D900F00078B33 /* CheckModel.swift in Sources */ = {isa = PBXBuildFile; fileRef = 5129893B270D900F00078B33 /* CheckModel.swift */; };
		5129893E270DA9DC00078B33 /* RoomModel.swift in Sources */ = {isa = PBXBuildFile; fileRef = 5129893D270DA9DC00078B33 /* RoomModel.swift */; };
		5138AE582717DA5C0087CE6D /* MessageCell.swift in Sources */ = {isa = PBXBuildFile; fileRef = 5138AE562717DA5C0087CE6D /* MessageCell.swift */; };
		5138AE592717DA5C0087CE6D /* MessageCell.xib in Resources */ = {isa = PBXBuildFile; fileRef = 5138AE572717DA5C0087CE6D /* MessageCell.xib */; };
		51423C4F271006090084E400 /* SelectViewController.swift in Sources */ = {isa = PBXBuildFile; fileRef = 51423C4E271006090084E400 /* SelectViewController.swift */; };
		51423C512710064F0084E400 /* RegisterViewController.swift in Sources */ = {isa = PBXBuildFile; fileRef = 51423C502710064F0084E400 /* RegisterViewController.swift */; };
		5166ED8E27198C3B00AD5885 /* InputTextView.xib in Resources */ = {isa = PBXBuildFile; fileRef = 5166ED8D27198C3B00AD5885 /* InputTextView.xib */; };
		5166ED902719A05E00AD5885 /* InputTextView.swift in Sources */ = {isa = PBXBuildFile; fileRef = 5166ED8F2719A05E00AD5885 /* InputTextView.swift */; };
		51D2B99E26FDE31E00693FE9 /* LoadLocationModel.swift in Sources */ = {isa = PBXBuildFile; fileRef = 51D2B99D26FDE31E00693FE9 /* LoadLocationModel.swift */; };
		51D8232A26F31E9400F6ED41 /* AppDelegate.swift in Sources */ = {isa = PBXBuildFile; fileRef = 51D8232926F31E9400F6ED41 /* AppDelegate.swift */; };
		51D8232C26F31E9400F6ED41 /* SceneDelegate.swift in Sources */ = {isa = PBXBuildFile; fileRef = 51D8232B26F31E9400F6ED41 /* SceneDelegate.swift */; };
		51D8232E26F31E9400F6ED41 /* MapViewController.swift in Sources */ = {isa = PBXBuildFile; fileRef = 51D8232D26F31E9400F6ED41 /* MapViewController.swift */; };
		51D8233126F31E9400F6ED41 /* Main.storyboard in Resources */ = {isa = PBXBuildFile; fileRef = 51D8232F26F31E9400F6ED41 /* Main.storyboard */; };
		51D8233326F31E9500F6ED41 /* Assets.xcassets in Resources */ = {isa = PBXBuildFile; fileRef = 51D8233226F31E9500F6ED41 /* Assets.xcassets */; };
		51D8233626F31E9500F6ED41 /* LaunchScreen.storyboard in Resources */ = {isa = PBXBuildFile; fileRef = 51D8233426F31E9500F6ED41 /* LaunchScreen.storyboard */; };
		51DFCF542700935300D145CE /* RoomBuildViewController.swift in Sources */ = {isa = PBXBuildFile; fileRef = 51DFCF532700935300D145CE /* RoomBuildViewController.swift */; };
		51F917E32729482000BD0495 /* FriendMessageCell.xib in Resources */ = {isa = PBXBuildFile; fileRef = 51F917E22729482000BD0495 /* FriendMessageCell.xib */; };
		51F917E5272949B700BD0495 /* FriendMessageCell.swift in Sources */ = {isa = PBXBuildFile; fileRef = 51F917E4272949B700BD0495 /* FriendMessageCell.swift */; };
		51F917E72729608E00BD0495 /* CustomLabel.swift in Sources */ = {isa = PBXBuildFile; fileRef = 51F917E62729608E00BD0495 /* CustomLabel.swift */; };
		51FABB0D26F4BE8F009A180D /* GoogleService-Info.plist in Resources */ = {isa = PBXBuildFile; fileRef = 51FABB0C26F4BE8F009A180D /* GoogleService-Info.plist */; };
		51FABB1226F4C16D009A180D /* PinModel.swift in Sources */ = {isa = PBXBuildFile; fileRef = 51FABB1126F4C16D009A180D /* PinModel.swift */; };
		C3186E255567186BE81F6CE9 /* Pods_MapChatApp.framework in Frameworks */ = {isa = PBXBuildFile; fileRef = 200A2EDD65694B807CEE07C0 /* Pods_MapChatApp.framework */; };
/* End PBXBuildFile section */

/* Begin PBXFileReference section */
		200A2EDD65694B807CEE07C0 /* Pods_MapChatApp.framework */ = {isa = PBXFileReference; explicitFileType = wrapper.framework; includeInIndex = 0; path = Pods_MapChatApp.framework; sourceTree = BUILT_PRODUCTS_DIR; };
		510C903E2715AC1E00298011 /* Message.swift */ = {isa = PBXFileReference; lastKnownFileType = sourcecode.swift; path = Message.swift; sourceTree = "<group>"; };
		510E01C62709C15100BA794C /* ModalViewController.swift */ = {isa = PBXFileReference; lastKnownFileType = sourcecode.swift; path = ModalViewController.swift; sourceTree = "<group>"; };
		5114ED34272EAC0600B4E12C /* InfoManager.swift */ = {isa = PBXFileReference; lastKnownFileType = sourcecode.swift; path = InfoManager.swift; sourceTree = "<group>"; };
		51298937270D860000078B33 /* LoginViewController.swift */ = {isa = PBXFileReference; lastKnownFileType = sourcecode.swift; path = LoginViewController.swift; sourceTree = "<group>"; };
		51298939270D88D100078B33 /* ChatViewController.swift */ = {isa = PBXFileReference; lastKnownFileType = sourcecode.swift; path = ChatViewController.swift; sourceTree = "<group>"; };
		5129893B270D900F00078B33 /* CheckModel.swift */ = {isa = PBXFileReference; lastKnownFileType = sourcecode.swift; path = CheckModel.swift; sourceTree = "<group>"; };
		5129893D270DA9DC00078B33 /* RoomModel.swift */ = {isa = PBXFileReference; lastKnownFileType = sourcecode.swift; path = RoomModel.swift; sourceTree = "<group>"; };
		5138AE562717DA5C0087CE6D /* MessageCell.swift */ = {isa = PBXFileReference; lastKnownFileType = sourcecode.swift; path = MessageCell.swift; sourceTree = "<group>"; };
		5138AE572717DA5C0087CE6D /* MessageCell.xib */ = {isa = PBXFileReference; lastKnownFileType = file.xib; path = MessageCell.xib; sourceTree = "<group>"; };
		51423C4E271006090084E400 /* SelectViewController.swift */ = {isa = PBXFileReference; lastKnownFileType = sourcecode.swift; path = SelectViewController.swift; sourceTree = "<group>"; };
		51423C502710064F0084E400 /* RegisterViewController.swift */ = {isa = PBXFileReference; lastKnownFileType = sourcecode.swift; path = RegisterViewController.swift; sourceTree = "<group>"; };
		5166ED8D27198C3B00AD5885 /* InputTextView.xib */ = {isa = PBXFileReference; lastKnownFileType = file.xib; path = InputTextView.xib; sourceTree = "<group>"; };
		5166ED8F2719A05E00AD5885 /* InputTextView.swift */ = {isa = PBXFileReference; lastKnownFileType = sourcecode.swift; path = InputTextView.swift; sourceTree = "<group>"; };
		51D2B99D26FDE31E00693FE9 /* LoadLocationModel.swift */ = {isa = PBXFileReference; lastKnownFileType = sourcecode.swift; path = LoadLocationModel.swift; sourceTree = "<group>"; };
		51D8232626F31E9400F6ED41 /* MapChatApp.app */ = {isa = PBXFileReference; explicitFileType = wrapper.application; includeInIndex = 0; path = MapChatApp.app; sourceTree = BUILT_PRODUCTS_DIR; };
		51D8232926F31E9400F6ED41 /* AppDelegate.swift */ = {isa = PBXFileReference; lastKnownFileType = sourcecode.swift; path = AppDelegate.swift; sourceTree = "<group>"; };
		51D8232B26F31E9400F6ED41 /* SceneDelegate.swift */ = {isa = PBXFileReference; lastKnownFileType = sourcecode.swift; path = SceneDelegate.swift; sourceTree = "<group>"; };
		51D8232D26F31E9400F6ED41 /* MapViewController.swift */ = {isa = PBXFileReference; lastKnownFileType = sourcecode.swift; path = MapViewController.swift; sourceTree = "<group>"; };
		51D8233026F31E9400F6ED41 /* Base */ = {isa = PBXFileReference; lastKnownFileType = file.storyboard; name = Base; path = Base.lproj/Main.storyboard; sourceTree = "<group>"; };
		51D8233226F31E9500F6ED41 /* Assets.xcassets */ = {isa = PBXFileReference; lastKnownFileType = folder.assetcatalog; path = Assets.xcassets; sourceTree = "<group>"; };
		51D8233526F31E9500F6ED41 /* Base */ = {isa = PBXFileReference; lastKnownFileType = file.storyboard; name = Base; path = Base.lproj/LaunchScreen.storyboard; sourceTree = "<group>"; };
		51D8233726F31E9500F6ED41 /* Info.plist */ = {isa = PBXFileReference; lastKnownFileType = text.plist.xml; path = Info.plist; sourceTree = "<group>"; };
		51DFCF532700935300D145CE /* RoomBuildViewController.swift */ = {isa = PBXFileReference; lastKnownFileType = sourcecode.swift; path = RoomBuildViewController.swift; sourceTree = "<group>"; };
		51F917E22729482000BD0495 /* FriendMessageCell.xib */ = {isa = PBXFileReference; lastKnownFileType = file.xib; path = FriendMessageCell.xib; sourceTree = "<group>"; };
		51F917E4272949B700BD0495 /* FriendMessageCell.swift */ = {isa = PBXFileReference; lastKnownFileType = sourcecode.swift; path = FriendMessageCell.swift; sourceTree = "<group>"; };
		51F917E62729608E00BD0495 /* CustomLabel.swift */ = {isa = PBXFileReference; lastKnownFileType = sourcecode.swift; path = CustomLabel.swift; sourceTree = "<group>"; };
		51FABB0C26F4BE8F009A180D /* GoogleService-Info.plist */ = {isa = PBXFileReference; fileEncoding = 4; lastKnownFileType = text.plist.xml; path = "GoogleService-Info.plist"; sourceTree = "<group>"; };
		51FABB1126F4C16D009A180D /* PinModel.swift */ = {isa = PBXFileReference; lastKnownFileType = sourcecode.swift; path = PinModel.swift; sourceTree = "<group>"; };
		619BE1205E2A374C5A5D7225 /* Pods-MapChatApp.debug.xcconfig */ = {isa = PBXFileReference; includeInIndex = 1; lastKnownFileType = text.xcconfig; name = "Pods-MapChatApp.debug.xcconfig"; path = "Target Support Files/Pods-MapChatApp/Pods-MapChatApp.debug.xcconfig"; sourceTree = "<group>"; };
		F41E5318850F0676E7B76F4A /* Pods-MapChatApp.release.xcconfig */ = {isa = PBXFileReference; includeInIndex = 1; lastKnownFileType = text.xcconfig; name = "Pods-MapChatApp.release.xcconfig"; path = "Target Support Files/Pods-MapChatApp/Pods-MapChatApp.release.xcconfig"; sourceTree = "<group>"; };
/* End PBXFileReference section */

/* Begin PBXFrameworksBuildPhase section */
		51D8232326F31E9400F6ED41 /* Frameworks */ = {
			isa = PBXFrameworksBuildPhase;
			buildActionMask = 2147483647;
			files = (
				C3186E255567186BE81F6CE9 /* Pods_MapChatApp.framework in Frameworks */,
			);
			runOnlyForDeploymentPostprocessing = 0;
		};
/* End PBXFrameworksBuildPhase section */

/* Begin PBXGroup section */
		51D8231D26F31E9400F6ED41 = {
			isa = PBXGroup;
			children = (
				51D8232826F31E9400F6ED41 /* MapChatApp */,
				51D8232726F31E9400F6ED41 /* Products */,
				E1ECF334B0442ED173CE4728 /* Pods */,
				7CDA5E97C0A96A358CD89E9F /* Frameworks */,
			);
			sourceTree = "<group>";
		};
		51D8232726F31E9400F6ED41 /* Products */ = {
			isa = PBXGroup;
			children = (
				51D8232626F31E9400F6ED41 /* MapChatApp.app */,
			);
			name = Products;
			sourceTree = "<group>";
		};
		51D8232826F31E9400F6ED41 /* MapChatApp */ = {
			isa = PBXGroup;
			children = (
				51FABB0E26F4C0F4009A180D /* Model */,
				51FABB1026F4C10B009A180D /* View */,
				51FABB0F26F4C0FC009A180D /* Controller */,
				51D8232926F31E9400F6ED41 /* AppDelegate.swift */,
				51D8232B26F31E9400F6ED41 /* SceneDelegate.swift */,
				51D8233226F31E9500F6ED41 /* Assets.xcassets */,
				51D8233426F31E9500F6ED41 /* LaunchScreen.storyboard */,
				51D8233726F31E9500F6ED41 /* Info.plist */,
				51FABB0C26F4BE8F009A180D /* GoogleService-Info.plist */,
			);
			path = MapChatApp;
			sourceTree = "<group>";
		};
		51FABB0E26F4C0F4009A180D /* Model */ = {
			isa = PBXGroup;
			children = (
				51FABB1126F4C16D009A180D /* PinModel.swift */,
				51D2B99D26FDE31E00693FE9 /* LoadLocationModel.swift */,
				5129893B270D900F00078B33 /* CheckModel.swift */,
				5129893D270DA9DC00078B33 /* RoomModel.swift */,
				510C903E2715AC1E00298011 /* Message.swift */,
				5166ED8F2719A05E00AD5885 /* InputTextView.swift */,
				5138AE562717DA5C0087CE6D /* MessageCell.swift */,
				51F917E4272949B700BD0495 /* FriendMessageCell.swift */,
				51F917E62729608E00BD0495 /* CustomLabel.swift */,
				5114ED34272EAC0600B4E12C /* InfoManager.swift */,
			);
			path = Model;
			sourceTree = "<group>";
		};
		51FABB0F26F4C0FC009A180D /* Controller */ = {
			isa = PBXGroup;
			children = (
				51423C4E271006090084E400 /* SelectViewController.swift */,
				51423C502710064F0084E400 /* RegisterViewController.swift */,
				51298937270D860000078B33 /* LoginViewController.swift */,
				51D8232D26F31E9400F6ED41 /* MapViewController.swift */,
				51DFCF532700935300D145CE /* RoomBuildViewController.swift */,
				510E01C62709C15100BA794C /* ModalViewController.swift */,
				51298939270D88D100078B33 /* ChatViewController.swift */,
			);
			path = Controller;
			sourceTree = "<group>";
		};
		51FABB1026F4C10B009A180D /* View */ = {
			isa = PBXGroup;
			children = (
				51D8232F26F31E9400F6ED41 /* Main.storyboard */,
				5138AE572717DA5C0087CE6D /* MessageCell.xib */,
				51F917E22729482000BD0495 /* FriendMessageCell.xib */,
				5166ED8D27198C3B00AD5885 /* InputTextView.xib */,
			);
			path = View;
			sourceTree = "<group>";
		};
		7CDA5E97C0A96A358CD89E9F /* Frameworks */ = {
			isa = PBXGroup;
			children = (
				200A2EDD65694B807CEE07C0 /* Pods_MapChatApp.framework */,
			);
			name = Frameworks;
			sourceTree = "<group>";
		};
		E1ECF334B0442ED173CE4728 /* Pods */ = {
			isa = PBXGroup;
			children = (
				619BE1205E2A374C5A5D7225 /* Pods-MapChatApp.debug.xcconfig */,
				F41E5318850F0676E7B76F4A /* Pods-MapChatApp.release.xcconfig */,
			);
			path = Pods;
			sourceTree = "<group>";
		};
/* End PBXGroup section */

/* Begin PBXNativeTarget section */
		51D8232526F31E9400F6ED41 /* MapChatApp */ = {
			isa = PBXNativeTarget;
			buildConfigurationList = 51D8233A26F31E9500F6ED41 /* Build configuration list for PBXNativeTarget "MapChatApp" */;
			buildPhases = (
				5EA7AC4AA0AFC4583F30A319 /* [CP] Check Pods Manifest.lock */,
				51D8232226F31E9400F6ED41 /* Sources */,
				51D8232326F31E9400F6ED41 /* Frameworks */,
				51D8232426F31E9400F6ED41 /* Resources */,
				CD99671017FB3705CC14701B /* [CP] Embed Pods Frameworks */,
				8FDB9EEFC8F43BA45B1124B7 /* [CP] Copy Pods Resources */,
			);
			buildRules = (
			);
			dependencies = (
			);
			name = MapChatApp;
			productName = MapChatApp;
			productReference = 51D8232626F31E9400F6ED41 /* MapChatApp.app */;
			productType = "com.apple.product-type.application";
		};
/* End PBXNativeTarget section */

/* Begin PBXProject section */
		51D8231E26F31E9400F6ED41 /* Project object */ = {
			isa = PBXProject;
			attributes = {
				LastSwiftUpdateCheck = 1250;
				LastUpgradeCheck = 1250;
				TargetAttributes = {
					51D8232526F31E9400F6ED41 = {
						CreatedOnToolsVersion = 12.5.1;
					};
				};
			};
			buildConfigurationList = 51D8232126F31E9400F6ED41 /* Build configuration list for PBXProject "MapChatApp" */;
			compatibilityVersion = "Xcode 9.3";
			developmentRegion = en;
			hasScannedForEncodings = 0;
			knownRegions = (
				en,
				Base,
			);
			mainGroup = 51D8231D26F31E9400F6ED41;
			productRefGroup = 51D8232726F31E9400F6ED41 /* Products */;
			projectDirPath = "";
			projectRoot = "";
			targets = (
				51D8232526F31E9400F6ED41 /* MapChatApp */,
			);
		};
/* End PBXProject section */

/* Begin PBXResourcesBuildPhase section */
		51D8232426F31E9400F6ED41 /* Resources */ = {
			isa = PBXResourcesBuildPhase;
			buildActionMask = 2147483647;
			files = (
				5138AE592717DA5C0087CE6D /* MessageCell.xib in Resources */,
				51D8233626F31E9500F6ED41 /* LaunchScreen.storyboard in Resources */,
				51D8233326F31E9500F6ED41 /* Assets.xcassets in Resources */,
				51D8233126F31E9400F6ED41 /* Main.storyboard in Resources */,
				5166ED8E27198C3B00AD5885 /* InputTextView.xib in Resources */,
				51FABB0D26F4BE8F009A180D /* GoogleService-Info.plist in Resources */,
				51F917E32729482000BD0495 /* FriendMessageCell.xib in Resources */,
			);
			runOnlyForDeploymentPostprocessing = 0;
		};
/* End PBXResourcesBuildPhase section */

/* Begin PBXShellScriptBuildPhase section */
		5EA7AC4AA0AFC4583F30A319 /* [CP] Check Pods Manifest.lock */ = {
			isa = PBXShellScriptBuildPhase;
			buildActionMask = 2147483647;
			files = (
			);
			inputFileListPaths = (
			);
			inputPaths = (
				"${PODS_PODFILE_DIR_PATH}/Podfile.lock",
				"${PODS_ROOT}/Manifest.lock",
			);
			name = "[CP] Check Pods Manifest.lock";
			outputFileListPaths = (
			);
			outputPaths = (
				"$(DERIVED_FILE_DIR)/Pods-MapChatApp-checkManifestLockResult.txt",
			);
			runOnlyForDeploymentPostprocessing = 0;
			shellPath = /bin/sh;
			shellScript = "diff \"${PODS_PODFILE_DIR_PATH}/Podfile.lock\" \"${PODS_ROOT}/Manifest.lock\" > /dev/null\nif [ $? != 0 ] ; then\n    # print error to STDERR\n    echo \"error: The sandbox is not in sync with the Podfile.lock. Run 'pod install' or update your CocoaPods installation.\" >&2\n    exit 1\nfi\n# This output is used by Xcode 'outputs' to avoid re-running this script phase.\necho \"SUCCESS\" > \"${SCRIPT_OUTPUT_FILE_0}\"\n";
			showEnvVarsInLog = 0;
		};
		8FDB9EEFC8F43BA45B1124B7 /* [CP] Copy Pods Resources */ = {
			isa = PBXShellScriptBuildPhase;
			buildActionMask = 2147483647;
			files = (
			);
			inputFileListPaths = (
				"${PODS_ROOT}/Target Support Files/Pods-MapChatApp/Pods-MapChatApp-resources-${CONFIGURATION}-input-files.xcfilelist",
			);
			name = "[CP] Copy Pods Resources";
			outputFileListPaths = (
				"${PODS_ROOT}/Target Support Files/Pods-MapChatApp/Pods-MapChatApp-resources-${CONFIGURATION}-output-files.xcfilelist",
			);
			runOnlyForDeploymentPostprocessing = 0;
			shellPath = /bin/sh;
			shellScript = "\"${PODS_ROOT}/Target Support Files/Pods-MapChatApp/Pods-MapChatApp-resources.sh\"\n";
			showEnvVarsInLog = 0;
		};
		CD99671017FB3705CC14701B /* [CP] Embed Pods Frameworks */ = {
			isa = PBXShellScriptBuildPhase;
			buildActionMask = 2147483647;
			files = (
			);
			inputFileListPaths = (
				"${PODS_ROOT}/Target Support Files/Pods-MapChatApp/Pods-MapChatApp-frameworks-${CONFIGURATION}-input-files.xcfilelist",
			);
			name = "[CP] Embed Pods Frameworks";
			outputFileListPaths = (
				"${PODS_ROOT}/Target Support Files/Pods-MapChatApp/Pods-MapChatApp-frameworks-${CONFIGURATION}-output-files.xcfilelist",
			);
			runOnlyForDeploymentPostprocessing = 0;
			shellPath = /bin/sh;
			shellScript = "\"${PODS_ROOT}/Target Support Files/Pods-MapChatApp/Pods-MapChatApp-frameworks.sh\"\n";
			showEnvVarsInLog = 0;
		};
/* End PBXShellScriptBuildPhase section */

/* Begin PBXSourcesBuildPhase section */
		51D8232226F31E9400F6ED41 /* Sources */ = {
			isa = PBXSourcesBuildPhase;
			buildActionMask = 2147483647;
			files = (
				51D8232E26F31E9400F6ED41 /* MapViewController.swift in Sources */,
				51F917E72729608E00BD0495 /* CustomLabel.swift in Sources */,
				51F917E5272949B700BD0495 /* FriendMessageCell.swift in Sources */,
				51D2B99E26FDE31E00693FE9 /* LoadLocationModel.swift in Sources */,
				5129893C270D900F00078B33 /* CheckModel.swift in Sources */,
				51DFCF542700935300D145CE /* RoomBuildViewController.swift in Sources */,
				51423C4F271006090084E400 /* SelectViewController.swift in Sources */,
				51FABB1226F4C16D009A180D /* PinModel.swift in Sources */,
				5129893E270DA9DC00078B33 /* RoomModel.swift in Sources */,
				51298938270D860000078B33 /* LoginViewController.swift in Sources */,
				51D8232A26F31E9400F6ED41 /* AppDelegate.swift in Sources */,
				51D8232C26F31E9400F6ED41 /* SceneDelegate.swift in Sources */,
				5114ED35272EAC0600B4E12C /* InfoManager.swift in Sources */,
				51423C512710064F0084E400 /* RegisterViewController.swift in Sources */,
				5138AE582717DA5C0087CE6D /* MessageCell.swift in Sources */,
				5129893A270D88D100078B33 /* ChatViewController.swift in Sources */,
				510E01C72709C15100BA794C /* ModalViewController.swift in Sources */,
				5166ED902719A05E00AD5885 /* InputTextView.swift in Sources */,
				510C903F2715AC1E00298011 /* Message.swift in Sources */,
			);
			runOnlyForDeploymentPostprocessing = 0;
		};
/* End PBXSourcesBuildPhase section */

/* Begin PBXVariantGroup section */
		51D8232F26F31E9400F6ED41 /* Main.storyboard */ = {
			isa = PBXVariantGroup;
			children = (
				51D8233026F31E9400F6ED41 /* Base */,
			);
			name = Main.storyboard;
			sourceTree = "<group>";
		};
		51D8233426F31E9500F6ED41 /* LaunchScreen.storyboard */ = {
			isa = PBXVariantGroup;
			children = (
				51D8233526F31E9500F6ED41 /* Base */,
			);
			name = LaunchScreen.storyboard;
			sourceTree = "<group>";
		};
/* End PBXVariantGroup section */

/* Begin XCBuildConfiguration section */
		51D8233826F31E9500F6ED41 /* Debug */ = {
			isa = XCBuildConfiguration;
			buildSettings = {
				ALWAYS_SEARCH_USER_PATHS = NO;
				CLANG_ANALYZER_NONNULL = YES;
				CLANG_ANALYZER_NUMBER_OBJECT_CONVERSION = YES_AGGRESSIVE;
				CLANG_CXX_LANGUAGE_STANDARD = "gnu++14";
				CLANG_CXX_LIBRARY = "libc++";
				CLANG_ENABLE_MODULES = YES;
				CLANG_ENABLE_OBJC_ARC = YES;
				CLANG_ENABLE_OBJC_WEAK = YES;
				CLANG_WARN_BLOCK_CAPTURE_AUTORELEASING = YES;
				CLANG_WARN_BOOL_CONVERSION = YES;
				CLANG_WARN_COMMA = YES;
				CLANG_WARN_CONSTANT_CONVERSION = YES;
				CLANG_WARN_DEPRECATED_OBJC_IMPLEMENTATIONS = YES;
				CLANG_WARN_DIRECT_OBJC_ISA_USAGE = YES_ERROR;
				CLANG_WARN_DOCUMENTATION_COMMENTS = YES;
				CLANG_WARN_EMPTY_BODY = YES;
				CLANG_WARN_ENUM_CONVERSION = YES;
				CLANG_WARN_INFINITE_RECURSION = YES;
				CLANG_WARN_INT_CONVERSION = YES;
				CLANG_WARN_NON_LITERAL_NULL_CONVERSION = YES;
				CLANG_WARN_OBJC_IMPLICIT_RETAIN_SELF = YES;
				CLANG_WARN_OBJC_LITERAL_CONVERSION = YES;
				CLANG_WARN_OBJC_ROOT_CLASS = YES_ERROR;
				CLANG_WARN_QUOTED_INCLUDE_IN_FRAMEWORK_HEADER = YES;
				CLANG_WARN_RANGE_LOOP_ANALYSIS = YES;
				CLANG_WARN_STRICT_PROTOTYPES = YES;
				CLANG_WARN_SUSPICIOUS_MOVE = YES;
				CLANG_WARN_UNGUARDED_AVAILABILITY = YES_AGGRESSIVE;
				CLANG_WARN_UNREACHABLE_CODE = YES;
				CLANG_WARN__DUPLICATE_METHOD_MATCH = YES;
				COPY_PHASE_STRIP = NO;
				DEBUG_INFORMATION_FORMAT = dwarf;
				ENABLE_STRICT_OBJC_MSGSEND = YES;
				ENABLE_TESTABILITY = YES;
				GCC_C_LANGUAGE_STANDARD = gnu11;
				GCC_DYNAMIC_NO_PIC = NO;
				GCC_NO_COMMON_BLOCKS = YES;
				GCC_OPTIMIZATION_LEVEL = 0;
				GCC_PREPROCESSOR_DEFINITIONS = (
					"DEBUG=1",
					"$(inherited)",
				);
				GCC_WARN_64_TO_32_BIT_CONVERSION = YES;
				GCC_WARN_ABOUT_RETURN_TYPE = YES_ERROR;
				GCC_WARN_UNDECLARED_SELECTOR = YES;
				GCC_WARN_UNINITIALIZED_AUTOS = YES_AGGRESSIVE;
				GCC_WARN_UNUSED_FUNCTION = YES;
				GCC_WARN_UNUSED_VARIABLE = YES;
				IPHONEOS_DEPLOYMENT_TARGET = 14.5;
				MTL_ENABLE_DEBUG_INFO = INCLUDE_SOURCE;
				MTL_FAST_MATH = YES;
				ONLY_ACTIVE_ARCH = YES;
				SDKROOT = iphoneos;
				SWIFT_ACTIVE_COMPILATION_CONDITIONS = DEBUG;
				SWIFT_OPTIMIZATION_LEVEL = "-Onone";
			};
			name = Debug;
		};
		51D8233926F31E9500F6ED41 /* Release */ = {
			isa = XCBuildConfiguration;
			buildSettings = {
				ALWAYS_SEARCH_USER_PATHS = NO;
				CLANG_ANALYZER_NONNULL = YES;
				CLANG_ANALYZER_NUMBER_OBJECT_CONVERSION = YES_AGGRESSIVE;
				CLANG_CXX_LANGUAGE_STANDARD = "gnu++14";
				CLANG_CXX_LIBRARY = "libc++";
				CLANG_ENABLE_MODULES = YES;
				CLANG_ENABLE_OBJC_ARC = YES;
				CLANG_ENABLE_OBJC_WEAK = YES;
				CLANG_WARN_BLOCK_CAPTURE_AUTORELEASING = YES;
				CLANG_WARN_BOOL_CONVERSION = YES;
				CLANG_WARN_COMMA = YES;
				CLANG_WARN_CONSTANT_CONVERSION = YES;
				CLANG_WARN_DEPRECATED_OBJC_IMPLEMENTATIONS = YES;
				CLANG_WARN_DIRECT_OBJC_ISA_USAGE = YES_ERROR;
				CLANG_WARN_DOCUMENTATION_COMMENTS = YES;
				CLANG_WARN_EMPTY_BODY = YES;
				CLANG_WARN_ENUM_CONVERSION = YES;
				CLANG_WARN_INFINITE_RECURSION = YES;
				CLANG_WARN_INT_CONVERSION = YES;
				CLANG_WARN_NON_LITERAL_NULL_CONVERSION = YES;
				CLANG_WARN_OBJC_IMPLICIT_RETAIN_SELF = YES;
				CLANG_WARN_OBJC_LITERAL_CONVERSION = YES;
				CLANG_WARN_OBJC_ROOT_CLASS = YES_ERROR;
				CLANG_WARN_QUOTED_INCLUDE_IN_FRAMEWORK_HEADER = YES;
				CLANG_WARN_RANGE_LOOP_ANALYSIS = YES;
				CLANG_WARN_STRICT_PROTOTYPES = YES;
				CLANG_WARN_SUSPICIOUS_MOVE = YES;
				CLANG_WARN_UNGUARDED_AVAILABILITY = YES_AGGRESSIVE;
				CLANG_WARN_UNREACHABLE_CODE = YES;
				CLANG_WARN__DUPLICATE_METHOD_MATCH = YES;
				COPY_PHASE_STRIP = NO;
				DEBUG_INFORMATION_FORMAT = "dwarf-with-dsym";
				ENABLE_NS_ASSERTIONS = NO;
				ENABLE_STRICT_OBJC_MSGSEND = YES;
				GCC_C_LANGUAGE_STANDARD = gnu11;
				GCC_NO_COMMON_BLOCKS = YES;
				GCC_WARN_64_TO_32_BIT_CONVERSION = YES;
				GCC_WARN_ABOUT_RETURN_TYPE = YES_ERROR;
				GCC_WARN_UNDECLARED_SELECTOR = YES;
				GCC_WARN_UNINITIALIZED_AUTOS = YES_AGGRESSIVE;
				GCC_WARN_UNUSED_FUNCTION = YES;
				GCC_WARN_UNUSED_VARIABLE = YES;
				IPHONEOS_DEPLOYMENT_TARGET = 14.5;
				MTL_ENABLE_DEBUG_INFO = NO;
				MTL_FAST_MATH = YES;
				SDKROOT = iphoneos;
				SWIFT_COMPILATION_MODE = wholemodule;
				SWIFT_OPTIMIZATION_LEVEL = "-O";
				VALIDATE_PRODUCT = YES;
			};
			name = Release;
		};
		51D8233B26F31E9500F6ED41 /* Debug */ = {
			isa = XCBuildConfiguration;
			baseConfigurationReference = 619BE1205E2A374C5A5D7225 /* Pods-MapChatApp.debug.xcconfig */;
			buildSettings = {
				ASSETCATALOG_COMPILER_APPICON_NAME = AppIcon;
				ASSETCATALOG_COMPILER_GLOBAL_ACCENT_COLOR_NAME = AccentColor;
				CODE_SIGN_STYLE = Automatic;
				DEVELOPMENT_TEAM = T74XZK2L33;
				INFOPLIST_FILE = MapChatApp/Info.plist;
				LD_RUNPATH_SEARCH_PATHS = (
					"$(inherited)",
					"@executable_path/Frameworks",
				);
				PRODUCT_BUNDLE_IDENTIFIER = com.takahito.MapChatApp;
				PRODUCT_NAME = "$(TARGET_NAME)";
				SWIFT_VERSION = 5.0;
				TARGETED_DEVICE_FAMILY = 1;
			};
			name = Debug;
		};
		51D8233C26F31E9500F6ED41 /* Release */ = {
			isa = XCBuildConfiguration;
			baseConfigurationReference = F41E5318850F0676E7B76F4A /* Pods-MapChatApp.release.xcconfig */;
			buildSettings = {
				ASSETCATALOG_COMPILER_APPICON_NAME = AppIcon;
				ASSETCATALOG_COMPILER_GLOBAL_ACCENT_COLOR_NAME = AccentColor;
				CODE_SIGN_STYLE = Automatic;
				DEVELOPMENT_TEAM = T74XZK2L33;
				INFOPLIST_FILE = MapChatApp/Info.plist;
				LD_RUNPATH_SEARCH_PATHS = (
					"$(inherited)",
					"@executable_path/Frameworks",
				);
				PRODUCT_BUNDLE_IDENTIFIER = com.takahito.MapChatApp;
				PRODUCT_NAME = "$(TARGET_NAME)";
				SWIFT_VERSION = 5.0;
				TARGETED_DEVICE_FAMILY = 1;
			};
			name = Release;
		};
/* End XCBuildConfiguration section */

/* Begin XCConfigurationList section */
		51D8232126F31E9400F6ED41 /* Build configuration list for PBXProject "MapChatApp" */ = {
			isa = XCConfigurationList;
			buildConfigurations = (
				51D8233826F31E9500F6ED41 /* Debug */,
				51D8233926F31E9500F6ED41 /* Release */,
			);
			defaultConfigurationIsVisible = 0;
			defaultConfigurationName = Release;
		};
		51D8233A26F31E9500F6ED41 /* Build configuration list for PBXNativeTarget "MapChatApp" */ = {
			isa = XCConfigurationList;
			buildConfigurations = (
				51D8233B26F31E9500F6ED41 /* Debug */,
				51D8233C26F31E9500F6ED41 /* Release */,
			);
			defaultConfigurationIsVisible = 0;
			defaultConfigurationName = Release;
		};
/* End XCConfigurationList section */
	};
	rootObject = 51D8231E26F31E9400F6ED41 /* Project object */;
}
